<?xml version="1.0" encoding="utf-8"?>
<Project ToolsVersion="4.0" xmlns="http://schemas.microsoft.com/developer/msbuild/2003">
  <ItemGroup>
    <Filter Include="Source Files">
      <UniqueIdentifier>{4FC737F1-C7A5-4376-A066-2A32D752A2FF}</UniqueIdentifier>
      <Extensions>cpp;c;cc;cxx;def;odl;idl;hpj;bat;asm;asmx</Extensions>
    </Filter>
    <Filter Include="Header Files">
      <UniqueIdentifier>{93995380-89BD-4b04-88EB-625FBE52EBFB}</UniqueIdentifier>
      <Extensions>h;hh;hpp;hxx;hm;inl;inc;xsd</Extensions>
    </Filter>
    <Filter Include="Resource Files">
      <UniqueIdentifier>{67DA6AB6-F800-4c08-8B7A-83BB121AAD01}</UniqueIdentifier>
      <Extensions>rc;ico;cur;bmp;dlg;rc2;rct;bin;rgs;gif;jpg;jpeg;jpe;resx;tiff;tif;png;wav;mfcribbon-ms</Extensions>
    </Filter>
    <Filter Include="Header Files\AIs">
      <UniqueIdentifier>{3da83b01-b345-401a-b184-fa5cad81c67e}</UniqueIdentifier>
    </Filter>
    <Filter Include="Source Files\AIs">
      <UniqueIdentifier>{f823554e-a4b4-409d-b471-2582bc165254}</UniqueIdentifier>
    </Filter>
    <Filter Include="Header Files\Decks">
      <UniqueIdentifier>{b93a8823-c9f1-494b-ba16-052264cd0f2a}</UniqueIdentifier>
    </Filter>
  </ItemGroup>
  <ItemGroup>
    <ClCompile Include="src\main.cpp">
      <Filter>Source Files</Filter>
    </ClCompile>
    <ClCompile Include="src\action.cpp">
      <Filter>Source Files</Filter>
    </ClCompile>
    <ClCompile Include="src\core_card_set.cpp">
      <Filter>Source Files</Filter>
    </ClCompile>
    <ClCompile Include="src\game.cpp">
      <Filter>Source Files</Filter>
    </ClCompile>
    <ClCompile Include="src\mana.cpp">
      <Filter>Source Files</Filter>
    </ClCompile>
    <ClCompile Include="src\playerlogic.cpp">
      <Filter>Source Files</Filter>
    </ClCompile>
    <ClCompile Include="src\player.cpp">
      <Filter>Source Files</Filter>
    </ClCompile>
    <ClCompile Include="src\land.cpp">
      <Filter>Source Files</Filter>
    </ClCompile>
    <ClCompile Include="src\card.cpp">
      <Filter>Source Files</Filter>
    </ClCompile>
    <ClCompile Include="src\pl_utilities.cpp">
      <Filter>Source Files</Filter>
    </ClCompile>
    <ClCompile Include="src\burn_set.cpp">
      <Filter>Source Files</Filter>
    </ClCompile>
    <ClCompile Include="src\AI\scott_ai.cpp">
      <Filter>Source Files\AIs</Filter>
    </ClCompile>
    <ClCompile Include="src\AI\trogdor_ai.cpp">
      <Filter>Source Files\AIs</Filter>
    </ClCompile>
    <ClCompile Include="src\AI\null_ai.cpp">
      <Filter>Source Files\AIs</Filter>
    </ClCompile>
    <ClCompile Include="src\AI\simple_ai.cpp">
      <Filter>Source Files\AIs</Filter>
    </ClCompile>
    <ClCompile Include="src\AI\manual_ai.cpp">
      <Filter>Source Files\AIs</Filter>
    </ClCompile>
  </ItemGroup>
  <ItemGroup>
    <ClInclude Include="include\game.hpp">
      <Filter>Header Files</Filter>
    </ClInclude>
    <ClInclude Include="include\card.hpp">
      <Filter>Header Files</Filter>
    </ClInclude>
    <ClInclude Include="include\creature.hpp">
      <Filter>Header Files</Filter>
    </ClInclude>
    <ClInclude Include="include\action.hpp">
      <Filter>Header Files</Filter>
    </ClInclude>
    <ClInclude Include="include\utility.hpp">
      <Filter>Header Files</Filter>
    </ClInclude>
    <ClInclude Include="include\mana.hpp">
      <Filter>Header Files</Filter>
    </ClInclude>
    <ClInclude Include="include\stackable.hpp">
      <Filter>Header Files</Filter>
    </ClInclude>
    <ClInclude Include="include\land.hpp">
      <Filter>Header Files</Filter>
    </ClInclude>
    <ClInclude Include="include\core_card_set.hpp">
      <Filter>Header Files</Filter>
    </ClInclude>
    <ClInclude Include="include\playerlogic.hpp">
      <Filter>Header Files</Filter>
    </ClInclude>
    <ClInclude Include="include\player.hpp">
      <Filter>Header Files</Filter>
    </ClInclude>
    <ClInclude Include="include\pl_utilities.hpp">
      <Filter>Header Files</Filter>
    </ClInclude>
    <ClInclude Include="include\spell.hpp">
      <Filter>Header Files</Filter>
    </ClInclude>
    <ClInclude Include="include\burn_set.hpp">
      <Filter>Header Files</Filter>
    </ClInclude>
    <ClInclude Include="include\AI\scott_ai.hpp">
      <Filter>Header Files\AIs</Filter>
    </ClInclude>
    <ClInclude Include="include\AI\trogdor_ai.hpp">
      <Filter>Header Files\AIs</Filter>
    </ClInclude>
    <ClInclude Include="include\AI\null_ai.hpp">
      <Filter>Header Files\AIs</Filter>
    </ClInclude>
    <ClInclude Include="include\AI\simple_ai.hpp">
      <Filter>Header Files\AIs</Filter>
    </ClInclude>
    <ClInclude Include="include\AI\ai.hpp">
      <Filter>Header Files\AIs</Filter>
    </ClInclude>
    <ClInclude Include="include\Deck\simple_deck.hpp">
      <Filter>Header Files\Decks</Filter>
    </ClInclude>
    <ClInclude Include="include\Deck\trogdor_deck.hpp">
      <Filter>Header Files\Decks</Filter>
    </ClInclude>
    <ClInclude Include="include\Deck\deck.hpp">
      <Filter>Header Files\Decks</Filter>
    </ClInclude>
    <ClInclude Include="include\AI\manual_ai.hpp">
      <Filter>Header Files\AIs</Filter>
    </ClInclude>
    <ClInclude Include="include\Deck\scott_deck.hpp">
      <Filter>Header Files\Decks</Filter>
    </ClInclude>
  </ItemGroup>
</Project>